// !$*UTF8*$!
{
	archiveVersion = 1;
	classes = {
	};
	objectVersion = 46;
	objects = {

/* Begin PBXBuildFile section */
		1B3477971CDEF39300869485 /* CalculatorBrain.swift in Sources */ = {isa = PBXBuildFile; fileRef = 1B3477961CDEF39300869485 /* CalculatorBrain.swift */; };
		1BABCF871CDAE1D200B69F45 /* AppDelegate.swift in Sources */ = {isa = PBXBuildFile; fileRef = 1BABCF861CDAE1D200B69F45 /* AppDelegate.swift */; };
		1BABCF891CDAE1D200B69F45 /* ViewController.swift in Sources */ = {isa = PBXBuildFile; fileRef = 1BABCF881CDAE1D200B69F45 /* ViewController.swift */; };
		1BABCF8C1CDAE1D200B69F45 /* Main.storyboard in Resources */ = {isa = PBXBuildFile; fileRef = 1BABCF8A1CDAE1D200B69F45 /* Main.storyboard */; };
		1BABCF8E1CDAE1D200B69F45 /* Assets.xcassets in Resources */ = {isa = PBXBuildFile; fileRef = 1BABCF8D1CDAE1D200B69F45 /* Assets.xcassets */; };
		1BABCF911CDAE1D200B69F45 /* LaunchScreen.storyboard in Resources */ = {isa = PBXBuildFile; fileRef = 1BABCF8F1CDAE1D200B69F45 /* LaunchScreen.storyboard */; };
/* End PBXBuildFile section */

/* Begin PBXFileReference section */
		1B3477961CDEF39300869485 /* CalculatorBrain.swift */ = {isa = PBXFileReference; fileEncoding = 4; lastKnownFileType = sourcecode.swift; name = CalculatorBrain.swift; path = ../CalculatorBrain.swift; sourceTree = "<group>"; };
		1BABCF831CDAE1D200B69F45 /* Calculator_2.0.app */ = {isa = PBXFileReference; explicitFileType = wrapper.application; includeInIndex = 0; path = Calculator_2.0.app; sourceTree = BUILT_PRODUCTS_DIR; };
		1BABCF861CDAE1D200B69F45 /* AppDelegate.swift */ = {isa = PBXFileReference; lastKnownFileType = sourcecode.swift; path = AppDelegate.swift; sourceTree = "<group>"; };
		1BABCF881CDAE1D200B69F45 /* ViewController.swift */ = {isa = PBXFileReference; lastKnownFileType = sourcecode.swift; path = ViewController.swift; sourceTree = "<group>"; };
		1BABCF8B1CDAE1D200B69F45 /* Base */ = {isa = PBXFileReference; lastKnownFileType = file.storyboard; name = Base; path = Base.lproj/Main.storyboard; sourceTree = "<group>"; };
		1BABCF8D1CDAE1D200B69F45 /* Assets.xcassets */ = {isa = PBXFileReference; lastKnownFileType = folder.assetcatalog; path = Assets.xcassets; sourceTree = "<group>"; };
		1BABCF901CDAE1D200B69F45 /* Base */ = {isa = PBXFileReference; lastKnownFileType = file.storyboard; name = Base; path = Base.lproj/LaunchScreen.storyboard; sourceTree = "<group>"; };
		1BABCF921CDAE1D200B69F45 /* Info.plist */ = {isa = PBXFileReference; lastKnownFileType = text.plist.xml; path = Info.plist; sourceTree = "<group>"; };
/* End PBXFileReference section */

/* Begin PBXFrameworksBuildPhase section */
		1BABCF801CDAE1D200B69F45 /* Frameworks */ = {
			isa = PBXFrameworksBuildPhase;
			buildActionMask = 2147483647;
			files = (
			);
			runOnlyForDeploymentPostprocessing = 0;
		};
/* End PBXFrameworksBuildPhase section */

/* Begin PBXGroup section */
		1BABCF7A1CDAE1D200B69F45 = {
			isa = PBXGroup;
			children = (
				1BABCF851CDAE1D200B69F45 /* Calculator_2.0 */,
				1BABCF841CDAE1D200B69F45 /* Products */,
			);
			sourceTree = "<group>";
		};
		1BABCF841CDAE1D200B69F45 /* Products */ = {
			isa = PBXGroup;
			children = (
				1BABCF831CDAE1D200B69F45 /* Calculator_2.0.app */,
			);
			name = Products;
			sourceTree = "<group>";
		};
		1BABCF851CDAE1D200B69F45 /* Calculator_2.0 */ = {
			isa = PBXGroup;
			children = (
				1BABCF981CDAE36300B69F45 /* supporting files */,
				1BABCF881CDAE1D200B69F45 /* ViewController.swift */,
				1BABCF8A1CDAE1D200B69F45 /* Main.storyboard */,
				1B3477961CDEF39300869485 /* CalculatorBrain.swift */,
			);
			path = Calculator_2.0;
			sourceTree = "<group>";
		};
		1BABCF981CDAE36300B69F45 /* supporting files */ = {
			isa = PBXGroup;
			children = (
				1BABCF861CDAE1D200B69F45 /* AppDelegate.swift */,
				1BABCF8D1CDAE1D200B69F45 /* Assets.xcassets */,
				1BABCF8F1CDAE1D200B69F45 /* LaunchScreen.storyboard */,
				1BABCF921CDAE1D200B69F45 /* Info.plist */,
			);
			name = "supporting files";
			sourceTree = "<group>";
		};
/* End PBXGroup section */

/* Begin PBXNativeTarget section */
		1BABCF821CDAE1D200B69F45 /* Calculator_2.0 */ = {
			isa = PBXNativeTarget;
			buildConfigurationList = 1BABCF951CDAE1D200B69F45 /* Build configuration list for PBXNativeTarget "Calculator_2.0" */;
			buildPhases = (
				1BABCF7F1CDAE1D200B69F45 /* Sources */,
				1BABCF801CDAE1D200B69F45 /* Frameworks */,
				1BABCF811CDAE1D200B69F45 /* Resources */,
			);
			buildRules = (
			);
			dependencies = (
			);
			name = Calculator_2.0;
			productName = Calculator_2.0;
			productReference = 1BABCF831CDAE1D200B69F45 /* Calculator_2.0.app */;
			productType = "com.apple.product-type.application";
		};
/* End PBXNativeTarget section */

/* Begin PBXProject section */
		1BABCF7B1CDAE1D200B69F45 /* Project object */ = {
			isa = PBXProject;
			attributes = {
				LastSwiftUpdateCheck = 0730;
				LastUpgradeCheck = 0730;
				ORGANIZATIONNAME = haha;
				TargetAttributes = {
					1BABCF821CDAE1D200B69F45 = {
						CreatedOnToolsVersion = 7.3;
						DevelopmentTeam = T4C552G94Q;
					};
				};
			};
			buildConfigurationList = 1BABCF7E1CDAE1D200B69F45 /* Build configuration list for PBXProject "Calculator_2.0" */;
			compatibilityVersion = "Xcode 3.2";
			developmentRegion = English;
			hasScannedForEncodings = 0;
			knownRegions = (
				en,
				Base,
			);
			mainGroup = 1BABCF7A1CDAE1D200B69F45;
			productRefGroup = 1BABCF841CDAE1D200B69F45 /* Products */;
			projectDirPath = "";
			projectRoot = "";
			targets = (
				1BABCF821CDAE1D200B69F45 /* Calculator_2.0 */,
			);
		};
/* End PBXProject section */

/* Begin PBXResourcesBuildPhase section */
		1BABCF811CDAE1D200B69F45 /* Resources */ = {
			isa = PBXResourcesBuildPhase;
			buildActionMask = 2147483647;
			files = (
				1BABCF911CDAE1D200B69F45 /* LaunchScreen.storyboard in Resources */,
				1BABCF8E1CDAE1D200B69F45 /* Assets.xcassets in Resources */,
				1BABCF8C1CDAE1D200B69F45 /* Main.storyboard in Resources */,
			);
			runOnlyForDeploymentPostprocessing = 0;
		};
/* End PBXResourcesBuildPhase section */

/* Begin PBXSourcesBuildPhase section */
		1BABCF7F1CDAE1D200B69F45 /* Sources */ = {
			isa = PBXSourcesBuildPhase;
			buildActionMask = 2147483647;
			files = (
				1B3477971CDEF39300869485 /* CalculatorBrain.swift in Sources */,
				1BABCF891CDAE1D200B69F45 /* ViewController.swift in Sources */,
				1BABCF871CDAE1D200B69F45 /* AppDelegate.swift in Sources */,
			);
			runOnlyForDeploymentPostprocessing = 0;
		};
/* End PBXSourcesBuildPhase section */

/* Begin PBXVariantGroup section */
		1BABCF8A1CDAE1D200B69F45 /* Main.storyboard */ = {
			isa = PBXVariantGroup;
			children = (
				1BABCF8B1CDAE1D200B69F45 /* Base */,
			);
			name = Main.storyboard;
			sourceTree = "<group>";
		};
		1BABCF8F1CDAE1D200B69F45 /* LaunchScreen.storyboard */ = {
			isa = PBXVariantGroup;
			children = (
				1BABCF901CDAE1D200B69F45 /* Base */,
			);
			name = LaunchScreen.storyboard;
			sourceTree = "<group>";
		};
/* End PBXVariantGroup section */

/* Begin XCBuildConfiguration section */
		1BABCF931CDAE1D200B69F45 /* Debug */ = {
			isa = XCBuildConfiguration;
			buildSettings = {
				ALWAYS_SEARCH_USER_PATHS = NO;
				CLANG_ANALYZER_NONNULL = YES;
				CLANG_CXX_LANGUAGE_STANDARD = "gnu++0x";
				CLANG_CXX_LIBRARY = "libc++";
				CLANG_ENABLE_MODULES = YES;
				CLANG_ENABLE_OBJC_ARC = YES;
				CLANG_WARN_BOOL_CONVERSION = YES;
				CLANG_WARN_CONSTANT_CONVERSION = YES;
				CLANG_WARN_DIRECT_OBJC_ISA_USAGE = YES_ERROR;
				CLANG_WARN_EMPTY_BODY = YES;
				CLANG_WARN_ENUM_CONVERSION = YES;
				CLANG_WARN_INT_CONVERSION = YES;
				CLANG_WARN_OBJC_ROOT_CLASS = YES_ERROR;
				CLANG_WARN_UNREACHABLE_CODE = YES;
				CLANG_WARN__DUPLICATE_METHOD_MATCH = YES;
				"CODE_SIGN_IDENTITY[sdk=iphoneos*]" = "iPhone Developer";
				COPY_PHASE_STRIP = NO;
				DEBUG_INFORMATION_FORMAT = dwarf;
				ENABLE_STRICT_OBJC_MSGSEND = YES;
				ENABLE_TESTABILITY = YES;
				GCC_C_LANGUAGE_STANDARD = gnu99;
				GCC_DYNAMIC_NO_PIC = NO;
				GCC_NO_COMMON_BLOCKS = YES;
				GCC_OPTIMIZATION_LEVEL = 0;
				GCC_PREPROCESSOR_DEFINITIONS = (
					"DEBUG=1",
					"$(inherited)",
				);
				GCC_WARN_64_TO_32_BIT_CONVERSION = YES;
				GCC_WARN_ABOUT_RETURN_TYPE = YES_ERROR;
				GCC_WARN_UNDECLARED_SELECTOR = YES;
				GCC_WARN_UNINITIALIZED_AUTOS = YES_AGGRESSIVE;
				GCC_WARN_UNUSED_FUNCTION = YES;
				GCC_WARN_UNUSED_VARIABLE = YES;
				IPHONEOS_DEPLOYMENT_TARGET = 9.3;
				MTL_ENABLE_DEBUG_INFO = YES;
				ONLY_ACTIVE_ARCH = YES;
				SDKROOT = iphoneos;
				SWIFT_OPTIMIZATION_LEVEL = "-Onone";
				TARGETED_DEVICE_FAMILY = "1,2";
			};
			name = Debug;
		};
		1BABCF941CDAE1D200B69F45 /* Release */ = {
			isa = XCBuildConfiguration;
			buildSettings = {
				ALWAYS_SEARCH_USER_PATHS = NO;
				CLANG_ANALYZER_NONNULL = YES;
				CLANG_CXX_LANGUAGE_STANDARD = "gnu++0x";
				CLANG_CXX_LIBRARY = "libc++";
				CLANG_ENABLE_MODULES = YES;
				CLANG_ENABLE_OBJC_ARC = YES;
				CLANG_WARN_BOOL_CONVERSION = YES;
				CLANG_WARN_CONSTANT_CONVERSION = YES;
				CLANG_WARN_DIRECT_OBJC_ISA_USAGE = YES_ERROR;
				CLANG_WARN_EMPTY_BODY = YES;
				CLANG_WARN_ENUM_CONVERSION = YES;
				CLANG_WARN_INT_CONVERSION = YES;
				CLANG_WARN_OBJC_ROOT_CLASS = YES_ERROR;
				CLANG_WARN_UNREACHABLE_CODE = YES;
				CLANG_WARN__DUPLICATE_METHOD_MATCH = YES;
				"CODE_SIGN_IDENTITY[sdk=iphoneos*]" = "iPhone Developer";
				COPY_PHASE_STRIP = NO;
				DEBUG_INFORMATION_FORMAT = "dwarf-with-dsym";
				ENABLE_NS_ASSERTIONS = NO;
				ENABLE_STRICT_OBJC_MSGSEND = YES;
				GCC_C_LANGUAGE_STANDARD = gnu99;
				GCC_NO_COMMON_BLOCKS = YES;
				GCC_WARN_64_TO_32_BIT_CONVERSION = YES;
				GCC_WARN_ABOUT_RETURN_TYPE = YES_ERROR;
				GCC_WARN_UNDECLARED_SELECTOR = YES;
				GCC_WARN_UNINITIALIZED_AUTOS = YES_AGGRESSIVE;
				GCC_WARN_UNUSED_FUNCTION = YES;
				GCC_WARN_UNUSED_VARIABLE = YES;
				IPHONEOS_DEPLOYMENT_TARGET = 9.3;
				MTL_ENABLE_DEBUG_INFO = NO;
				SDKROOT = iphoneos;
				TARGETED_DEVICE_FAMILY = "1,2";
				VALIDATE_PRODUCT = YES;
			};
			name = Release;
		};
		1BABCF961CDAE1D200B69F45 /* Debug */ = {
			isa = XCBuildConfiguration;
			buildSettings = {
				ASSETCATALOG_COMPILER_APPICON_NAME = AppIcon;
				INFOPLIST_FILE = Calculator_2.0/Info.plist;
				LD_RUNPATH_SEARCH_PATHS = "$(inherited) @executable_path/Frameworks";
				PRODUCT_BUNDLE_IDENTIFIER = "com.haha.Calculator-2-0";
				PRODUCT_NAME = "$(TARGET_NAME)";
			};
			name = Debug;
		};
		1BABCF971CDAE1D200B69F45 /* Release */ = {
			isa = XCBuildConfiguration;
			buildSettings = {
				ASSETCATALOG_COMPILER_APPICON_NAME = AppIcon;
				INFOPLIST_FILE = Calculator_2.0/Info.plist;
				LD_RUNPATH_SEARCH_PATHS = "$(inherited) @executable_path/Frameworks";
				PRODUCT_BUNDLE_IDENTIFIER = "com.haha.Calculator-2-0";
				PRODUCT_NAME = "$(TARGET_NAME)";
			};
			name = Release;
		};
/* End XCBuildConfiguration section */

/* Begin XCConfigurationList section */
		1BABCF7E1CDAE1D200B69F45 /* Build configuration list for PBXProject "Calculator_2.0" */ = {
			isa = XCConfigurationList;
			buildConfigurations = (
				1BABCF931CDAE1D200B69F45 /* Debug */,
				1BABCF941CDAE1D200B69F45 /* Release */,
			);
			defaultConfigurationIsVisible = 0;
			defaultConfigurationName = Release;
		};
		1BABCF951CDAE1D200B69F45 /* Build configuration list for PBXNativeTarget "Calculator_2.0" */ = {
			isa = XCConfigurationList;
			buildConfigurations = (
				1BABCF961CDAE1D200B69F45 /* Debug */,
				1BABCF971CDAE1D200B69F45 /* Release */,
			);
			defaultConfigurationIsVisible = 0;
			defaultConfigurationName = Release;
		};
/* End XCConfigurationList section */
	};
	rootObject = 1BABCF7B1CDAE1D200B69F45 /* Project object */;
}
